
Microsoft Visual Studio Solution File, Format Version 12.00
# Visual Studio 2013
VisualStudioVersion = 12.0.31101.0
MinimumVisualStudioVersion = 10.0.40219.1
Project("{FAE04EC0-301F-11D3-BF4B-00C04F79EFBC}") = "mvc", "mvc\mvc.csproj", "{1F4099F6-2041-4D8A-B17A-6EAD9A1D82B2}"
EndProject
Project("{FAE04EC0-301F-11D3-BF4B-00C04F79EFBC}") = "console", "console\console.csproj", "{33BE6BB1-3528-422A-A8E4-D60E2EC23111}"
EndProject
Project("{FAE04EC0-301F-11D3-BF4B-00C04F79EFBC}") = "form", "form\form.csproj", "{D8D85730-EEA6-4BF1-A275-788C3C290DA3}"
EndProject
Project("{FAE04EC0-301F-11D3-BF4B-00C04F79EFBC}") = "angular", "angular\angular.csproj", "{C7058786-4926-4C52-AE53-AFB04334E1EE}"
EndProject
Project("{FAE04EC0-301F-11D3-BF4B-00C04F79EFBC}") = "Example", "Example\Example.csproj", "{218F1A66-7F5F-45D1-97DD-738B6AA51994}"
EndProject
Project("{FAE04EC0-301F-11D3-BF4B-00C04F79EFBC}") = "jsonQuery", "jsonQuery\jsonQuery.csproj", "{EB9F1010-0DCC-427C-A0CA-F5DE1115B9EB}"
EndProject
Global
	GlobalSection(SolutionConfigurationPlatforms) = preSolution
		All|Any CPU = All|Any CPU
		Debug|Any CPU = Debug|Any CPU
		Release|Any CPU = Release|Any CPU
	EndGlobalSection
	GlobalSection(ProjectConfigurationPlatforms) = postSolution
		{1F4099F6-2041-4D8A-B17A-6EAD9A1D82B2}.All|Any CPU.ActiveCfg = All|Any CPU
		{1F4099F6-2041-4D8A-B17A-6EAD9A1D82B2}.All|Any CPU.Build.0 = All|Any CPU
		{1F4099F6-2041-4D8A-B17A-6EAD9A1D82B2}.Debug|Any CPU.ActiveCfg = Debug|Any CPU
		{1F4099F6-2041-4D8A-B17A-6EAD9A1D82B2}.Debug|Any CPU.Build.0 = Debug|Any CPU
		{1F4099F6-2041-4D8A-B17A-6EAD9A1D82B2}.Release|Any CPU.ActiveCfg = Release|Any CPU
		{1F4099F6-2041-4D8A-B17A-6EAD9A1D82B2}.Release|Any CPU.Build.0 = Release|Any CPU
		{33BE6BB1-3528-422A-A8E4-D60E2EC23111}.All|Any CPU.ActiveCfg = All|Any CPU
		{33BE6BB1-3528-422A-A8E4-D60E2EC23111}.All|Any CPU.Build.0 = All|Any CPU
		{33BE6BB1-3528-422A-A8E4-D60E2EC23111}.Debug|Any CPU.ActiveCfg = Debug|Any CPU
		{33BE6BB1-3528-422A-A8E4-D60E2EC23111}.Debug|Any CPU.Build.0 = Debug|Any CPU
		{33BE6BB1-3528-422A-A8E4-D60E2EC23111}.Release|Any CPU.ActiveCfg = Release|Any CPU
		{33BE6BB1-3528-422A-A8E4-D60E2EC23111}.Release|Any CPU.Build.0 = Release|Any CPU
		{D8D85730-EEA6-4BF1-A275-788C3C290DA3}.All|Any CPU.ActiveCfg = Release|Any CPU
		{D8D85730-EEA6-4BF1-A275-788C3C290DA3}.All|Any CPU.Build.0 = Release|Any CPU
		{D8D85730-EEA6-4BF1-A275-788C3C290DA3}.Debug|Any CPU.ActiveCfg = Debug|Any CPU
		{D8D85730-EEA6-4BF1-A275-788C3C290DA3}.Debug|Any CPU.Build.0 = Debug|Any CPU
		{D8D85730-EEA6-4BF1-A275-788C3C290DA3}.Release|Any CPU.ActiveCfg = Release|Any CPU
		{D8D85730-EEA6-4BF1-A275-788C3C290DA3}.Release|Any CPU.Build.0 = Release|Any CPU
		{C7058786-4926-4C52-AE53-AFB04334E1EE}.All|Any CPU.ActiveCfg = Release|Any CPU
		{C7058786-4926-4C52-AE53-AFB04334E1EE}.All|Any CPU.Build.0 = Release|Any CPU
		{C7058786-4926-4C52-AE53-AFB04334E1EE}.Debug|Any CPU.ActiveCfg = Debug|Any CPU
		{C7058786-4926-4C52-AE53-AFB04334E1EE}.Debug|Any CPU.Build.0 = Debug|Any CPU
		{C7058786-4926-4C52-AE53-AFB04334E1EE}.Release|Any CPU.ActiveCfg = Release|Any CPU
		{C7058786-4926-4C52-AE53-AFB04334E1EE}.Release|Any CPU.Build.0 = Release|Any CPU
		{218F1A66-7F5F-45D1-97DD-738B6AA51994}.All|Any CPU.ActiveCfg = Release|Any CPU
		{218F1A66-7F5F-45D1-97DD-738B6AA51994}.All|Any CPU.Build.0 = Release|Any CPU
		{218F1A66-7F5F-45D1-97DD-738B6AA51994}.Debug|Any CPU.ActiveCfg = Debug|Any CPU
		{218F1A66-7F5F-45D1-97DD-738B6AA51994}.Debug|Any CPU.Build.0 = Debug|Any CPU
		{218F1A66-7F5F-45D1-97DD-738B6AA51994}.Release|Any CPU.ActiveCfg = Release|Any CPU
		{218F1A66-7F5F-45D1-97DD-738B6AA51994}.Release|Any CPU.Build.0 = Release|Any CPU
		{EB9F1010-0DCC-427C-A0CA-F5DE1115B9EB}.All|Any CPU.ActiveCfg = Release|Any CPU
		{EB9F1010-0DCC-427C-A0CA-F5DE1115B9EB}.All|Any CPU.Build.0 = Release|Any CPU
		{EB9F1010-0DCC-427C-A0CA-F5DE1115B9EB}.Debug|Any CPU.ActiveCfg = Debug|Any CPU
		{EB9F1010-0DCC-427C-A0CA-F5DE1115B9EB}.Debug|Any CPU.Build.0 = Debug|Any CPU
		{EB9F1010-0DCC-427C-A0CA-F5DE1115B9EB}.Release|Any CPU.ActiveCfg = Release|Any CPU
		{EB9F1010-0DCC-427C-A0CA-F5DE1115B9EB}.Release|Any CPU.Build.0 = Release|Any CPU
	EndGlobalSection
	GlobalSection(SolutionProperties) = preSolution
		HideSolutionNode = FALSE
	EndGlobalSection
EndGlobal
